
Microsoft Visual Studio Solution File, Format Version 12.00
# Visual Studio Version 17
VisualStudioVersion = 17.6.33815.320
MinimumVisualStudioVersion = 10.0.40219.1
Project("{9A19103F-16F7-4668-BE54-9A1E7A4F7556}") = "React with Asp.Net Core web Api Full Stack Crud Application", "React with Asp.Net Core web Api Full Stack Crud Application.csproj", "{FAE2FE2A-6E28-4D3C-B89D-FC12BC49DBCA}"
EndProject
Global
	GlobalSection(SolutionConfigurationPlatforms) = preSolution
		Debug|Any CPU = Debug|Any CPU
		Release|Any CPU = Release|Any CPU
	EndGlobalSection
	GlobalSection(ProjectConfigurationPlatforms) = postSolution
		{FAE2FE2A-6E28-4D3C-B89D-FC12BC49DBCA}.Debug|Any CPU.ActiveCfg = Debug|Any CPU
		{FAE2FE2A-6E28-4D3C-B89D-FC12BC49DBCA}.Debug|Any CPU.Build.0 = Debug|Any CPU
		{FAE2FE2A-6E28-4D3C-B89D-FC12BC49DBCA}.Release|Any CPU.ActiveCfg = Release|Any CPU
		{FAE2FE2A-6E28-4D3C-B89D-FC12BC49DBCA}.Release|Any CPU.Build.0 = Release|Any CPU
	EndGlobalSection
	GlobalSection(SolutionProperties) = preSolution
		HideSolutionNode = FALSE
	EndGlobalSection
	GlobalSection(ExtensibilityGlobals) = postSolution
		SolutionGuid = {84B11E30-1767-471D-87CE-7DF9C6D27355}
	EndGlobalSection
EndGlobal
